# This file is automatically @generated by Poetry 2.2.1 and should not be changed by hand.

[[package]]
name = "apscheduler"
version = "3.11.0"
description = "In-process task scheduler with Cron-like capabilities"
optional = false
python-versions = ">=3.8"
groups = ["main"]
files = [
    {file = "APScheduler-3.11.0-py3-none-any.whl", hash = "sha256:fc134ca32e50f5eadcc4938e3a4545ab19131435e851abb40b34d63d5141c6da"},
    {file = "apscheduler-3.11.0.tar.gz", hash = "sha256:4c622d250b0955a65d5d0eb91c33e6d43fd879834bf541e0a18661ae60460133"},
]

[package.dependencies]
tzlocal = ">=3.0"

[package.extras]
doc = ["packaging", "sphinx", "sphinx-rtd-theme (>=1.3.0)"]
etcd = ["etcd3", "protobuf (<=3.21.0)"]
gevent = ["gevent"]
mongodb = ["pymongo (>=3.0)"]
redis = ["redis (>=3.0)"]
rethinkdb = ["rethinkdb (>=2.4.0)"]
sqlalchemy = ["sqlalchemy (>=1.4)"]
test = ["APScheduler[etcd,mongodb,redis,rethinkdb,sqlalchemy,tornado,zookeeper]", "PySide6 ; platform_python_implementation == \"CPython\" and python_version < \"3.14\"", "anyio (>=4.5.2)", "gevent ; python_version < \"3.14\"", "pytest", "pytz", "twisted ; python_version < \"3.14\""]
tornado = ["tornado (>=4.3)"]
twisted = ["twisted"]
zookeeper = ["kazoo"]

[[package]]
name = "tzdata"
version = "2025.2"
description = "Provider of IANA time zone data"
optional = false
python-versions = ">=2"
groups = ["main"]
markers = "platform_system == \"Windows\""
files = [
    {file = "tzdata-2025.2-py2.py3-none-any.whl", hash = "sha256:1a403fada01ff9221ca8044d701868fa132215d84beb92242d9acd2147f667a8"},
    {file = "tzdata-2025.2.tar.gz", hash = "sha256:b60a638fcc0daffadf82fe0f57e53d06bdec2f36c4df66280ae79bce6bd6f2b9"},
]

[[package]]
name = "tzlocal"
version = "5.3.1"
description = "tzinfo object for the local timezone"
optional = false
python-versions = ">=3.9"
groups = ["main"]
files = [
    {file = "tzlocal-5.3.1-py3-none-any.whl", hash = "sha256:eb1a66c3ef5847adf7a834f1be0800581b683b5608e74f86ecbcef8ab91bb85d"},
    {file = "tzlocal-5.3.1.tar.gz", hash = "sha256:cceffc7edecefea1f595541dbd6e990cb1ea3d19bf01b2809f362a03dd7921fd"},
]

[package.dependencies]
tzdata = {version = "*", markers = "platform_system == \"Windows\""}

[package.extras]
devenv = ["check-manifest", "pytest (>=4.3)", "pytest-cov", "pytest-mock (>=3.3)", "zest.releaser"]

[metadata]
lock-version = "2.1"
python-versions = ">=3.13"
content-hash = "279496944f9a0b3e4a70536c72f733e19b2330a2384949e51d9a6b94bea97a23"
